
Microsoft Visual Studio Solution File, Format Version 12.00
# Visual Studio Version 16
VisualStudioVersion = 16.0.30523.141
MinimumVisualStudioVersion = 10.0.40219.1
Project("{FAE04EC0-301F-11D3-BF4B-00C04F79EFBC}") = "Kata_Solution", "Kata_Solution.csproj", "{76369CC1-3825-454C-9637-FF3438A124D2}"
EndProject
Project("{FAE04EC0-301F-11D3-BF4B-00C04F79EFBC}") = "High_and_Low", "..\High_and_Low\High_and_Low.csproj", "{04BB0AC8-3663-4254-850C-25F8A4271C7D}"
EndProject
Project("{FAE04EC0-301F-11D3-BF4B-00C04F79EFBC}") = "High_and_Low_Tester", "..\High_and_Low_Tester\High_and_Low_Tester.csproj", "{B2712E7A-C11B-484D-958F-83F590CCFEE3}"
EndProject
Global
	GlobalSection(SolutionConfigurationPlatforms) = preSolution
		Debug|Any CPU = Debug|Any CPU
		Release|Any CPU = Release|Any CPU
	EndGlobalSection
	GlobalSection(ProjectConfigurationPlatforms) = postSolution
		{76369CC1-3825-454C-9637-FF3438A124D2}.Debug|Any CPU.ActiveCfg = Debug|Any CPU
		{76369CC1-3825-454C-9637-FF3438A124D2}.Debug|Any CPU.Build.0 = Debug|Any CPU
		{76369CC1-3825-454C-9637-FF3438A124D2}.Release|Any CPU.ActiveCfg = Release|Any CPU
		{76369CC1-3825-454C-9637-FF3438A124D2}.Release|Any CPU.Build.0 = Release|Any CPU
		{04BB0AC8-3663-4254-850C-25F8A4271C7D}.Debug|Any CPU.ActiveCfg = Debug|Any CPU
		{04BB0AC8-3663-4254-850C-25F8A4271C7D}.Debug|Any CPU.Build.0 = Debug|Any CPU
		{04BB0AC8-3663-4254-850C-25F8A4271C7D}.Release|Any CPU.ActiveCfg = Release|Any CPU
		{04BB0AC8-3663-4254-850C-25F8A4271C7D}.Release|Any CPU.Build.0 = Release|Any CPU
		{B2712E7A-C11B-484D-958F-83F590CCFEE3}.Debug|Any CPU.ActiveCfg = Debug|Any CPU
		{B2712E7A-C11B-484D-958F-83F590CCFEE3}.Debug|Any CPU.Build.0 = Debug|Any CPU
		{B2712E7A-C11B-484D-958F-83F590CCFEE3}.Release|Any CPU.ActiveCfg = Release|Any CPU
		{B2712E7A-C11B-484D-958F-83F590CCFEE3}.Release|Any CPU.Build.0 = Release|Any CPU
	EndGlobalSection
	GlobalSection(SolutionProperties) = preSolution
		HideSolutionNode = FALSE
	EndGlobalSection
	GlobalSection(ExtensibilityGlobals) = postSolution
		SolutionGuid = {A00DD2E2-5253-41B8-AE8D-BF90724B537D}
	EndGlobalSection
EndGlobal
