
Microsoft Visual Studio Solution File, Format Version 12.00
# Visual Studio Version 16
VisualStudioVersion = 16.0.30523.141
MinimumVisualStudioVersion = 10.0.40219.1
Project("{FAE04EC0-301F-11D3-BF4B-00C04F79EFBC}") = "TDD_Part_2", "TDD_Part_2.csproj", "{D8DDCBE1-0ACA-49A6-8E6E-18BAFC499B0C}"
EndProject
Project("{FAE04EC0-301F-11D3-BF4B-00C04F79EFBC}") = "FizzBuzz.Library", "..\FizzBuzz.Library\FizzBuzz.Library.csproj", "{55CD8857-5264-4EE2-B8C2-18CE732D026D}"
EndProject
Project("{FAE04EC0-301F-11D3-BF4B-00C04F79EFBC}") = "FizzBuzz.Library.Tests", "..\FizzBuzz.Library.Tests\FizzBuzz.Library.Tests.csproj", "{B5531466-1152-417E-B1BC-11BE2FB90604}"
EndProject
Global
	GlobalSection(SolutionConfigurationPlatforms) = preSolution
		Debug|Any CPU = Debug|Any CPU
		Release|Any CPU = Release|Any CPU
	EndGlobalSection
	GlobalSection(ProjectConfigurationPlatforms) = postSolution
		{D8DDCBE1-0ACA-49A6-8E6E-18BAFC499B0C}.Debug|Any CPU.ActiveCfg = Debug|Any CPU
		{D8DDCBE1-0ACA-49A6-8E6E-18BAFC499B0C}.Debug|Any CPU.Build.0 = Debug|Any CPU
		{D8DDCBE1-0ACA-49A6-8E6E-18BAFC499B0C}.Release|Any CPU.ActiveCfg = Release|Any CPU
		{D8DDCBE1-0ACA-49A6-8E6E-18BAFC499B0C}.Release|Any CPU.Build.0 = Release|Any CPU
		{55CD8857-5264-4EE2-B8C2-18CE732D026D}.Debug|Any CPU.ActiveCfg = Debug|Any CPU
		{55CD8857-5264-4EE2-B8C2-18CE732D026D}.Debug|Any CPU.Build.0 = Debug|Any CPU
		{55CD8857-5264-4EE2-B8C2-18CE732D026D}.Release|Any CPU.ActiveCfg = Release|Any CPU
		{55CD8857-5264-4EE2-B8C2-18CE732D026D}.Release|Any CPU.Build.0 = Release|Any CPU
		{B5531466-1152-417E-B1BC-11BE2FB90604}.Debug|Any CPU.ActiveCfg = Debug|Any CPU
		{B5531466-1152-417E-B1BC-11BE2FB90604}.Debug|Any CPU.Build.0 = Debug|Any CPU
		{B5531466-1152-417E-B1BC-11BE2FB90604}.Release|Any CPU.ActiveCfg = Release|Any CPU
		{B5531466-1152-417E-B1BC-11BE2FB90604}.Release|Any CPU.Build.0 = Release|Any CPU
	EndGlobalSection
	GlobalSection(SolutionProperties) = preSolution
		HideSolutionNode = FALSE
	EndGlobalSection
	GlobalSection(ExtensibilityGlobals) = postSolution
		SolutionGuid = {F78D2558-87A1-4232-A585-3650F236B7FE}
	EndGlobalSection
EndGlobal
